
Microsoft Visual Studio Solution File, Format Version 12.00
# Visual Studio 15
VisualStudioVersion = 15.0.27130.2026
MinimumVisualStudioVersion = 10.0.40219.1
Project("{FAE04EC0-301F-11D3-BF4B-00C04F79EFBC}") = "Inventory Manager", "Inventory Manager\Inventory Manager.csproj", "{2A56C51D-4FCC-4D64-9FDB-CD96EB6BE12C}"
EndProject
Global
	GlobalSection(SolutionConfigurationPlatforms) = preSolution
		Debug|Any CPU = Debug|Any CPU
		Release|Any CPU = Release|Any CPU
	EndGlobalSection
	GlobalSection(ProjectConfigurationPlatforms) = postSolution
		{2A56C51D-4FCC-4D64-9FDB-CD96EB6BE12C}.Debug|Any CPU.ActiveCfg = Debug|Any CPU
		{2A56C51D-4FCC-4D64-9FDB-CD96EB6BE12C}.Debug|Any CPU.Build.0 = Debug|Any CPU
		{2A56C51D-4FCC-4D64-9FDB-CD96EB6BE12C}.Release|Any CPU.ActiveCfg = Release|Any CPU
		{2A56C51D-4FCC-4D64-9FDB-CD96EB6BE12C}.Release|Any CPU.Build.0 = Release|Any CPU
	EndGlobalSection
	GlobalSection(SolutionProperties) = preSolution
		HideSolutionNode = FALSE
	EndGlobalSection
	GlobalSection(ExtensibilityGlobals) = postSolution
		SolutionGuid = {1408A9AA-9586-4B51-B6B1-AD907E1E651F}
	EndGlobalSection
EndGlobal
